github.com/imsilence/math v1.0.1 h1:V3slo6LVRZ1pVq517JC2nt9zmsDcK1U6CZOjzJH7VHA=
github.com/imsilence/math v1.0.1/go.mod h1:JT4/HFSxbSk6vwNavfxN4b07OswBHWRGyyoi3Upoj0U=
github.com/imsilence/math v1.0.2 h1:PPtxLseRTNInIVUIid47vwSmL/iAb71WEKxzXKCHfWE=
github.com/imsilence/math v1.0.2/go.mod h1:JT4/HFSxbSk6vwNavfxN4b07OswBHWRGyyoi3Upoj0U=
