github.com/creachadair/getpass v0.1.1 h1:NBy01Vx3sEG75JbSgjsObwe06ISDJL9WS88pFNnVSpg=
github.com/creachadair/getpass v0.1.1/go.mod h1:amWqqvJdxnT/Tk6PPgpFWX5Ik2RH4dnvfXequlcSXSc=
golang.org/x/sys v0.0.0-20200923182605-d9f96fdee20d h1:L/IKR6COd7ubZrs2oTnTi73IhgqJ71c9s80WsQnh0Es=
golang.org/x/sys v0.0.0-20200923182605-d9f96fdee20d/go.mod h1:h1NjWce9XRLGQEsW7wpKNCjG9DtNlClVuFLEZdDNbEs=
